// !$*UTF8*$!
{
	archiveVersion = 1;
	classes = {
	};
	objectVersion = 56;
	objects = {

/* Begin PBXBuildFile section */
		1742CCDE2C0C7F3A000BC32F /* WeathersListScreen.swift in Sources */ = {isa = PBXBuildFile; fileRef = 1742CCDD2C0C7F3A000BC32F /* WeathersListScreen.swift */; };
		1742CCE02C0C7F8A000BC32F /* MainScreen.swift in Sources */ = {isa = PBXBuildFile; fileRef = 1742CCDF2C0C7F8A000BC32F /* MainScreen.swift */; };
		1742CCE22C0C8B9F000BC32F /* WeatherListViewModel.swift in Sources */ = {isa = PBXBuildFile; fileRef = 1742CCE12C0C8B9F000BC32F /* WeatherListViewModel.swift */; };
		1742CCE42C0C9964000BC32F /* DatabaseModel.swift in Sources */ = {isa = PBXBuildFile; fileRef = 1742CCE32C0C9964000BC32F /* DatabaseModel.swift */; };
		17CFEDB22C10B34700041E29 /* WeatherListCellView.swift in Sources */ = {isa = PBXBuildFile; fileRef = 17CFEDB12C10B34700041E29 /* WeatherListCellView.swift */; };
		17D46D3E2C08FC2A007A1DC7 /* WeatherAppApp.swift in Sources */ = {isa = PBXBuildFile; fileRef = 17D46D3D2C08FC2A007A1DC7 /* WeatherAppApp.swift */; };
		17D46D402C08FC2A007A1DC7 /* CurrentWeatherScreen.swift in Sources */ = {isa = PBXBuildFile; fileRef = 17D46D3F2C08FC2A007A1DC7 /* CurrentWeatherScreen.swift */; };
		17D46D422C08FC2C007A1DC7 /* Assets.xcassets in Resources */ = {isa = PBXBuildFile; fileRef = 17D46D412C08FC2C007A1DC7 /* Assets.xcassets */; };
		17D46D452C08FC2C007A1DC7 /* Preview Assets.xcassets in Resources */ = {isa = PBXBuildFile; fileRef = 17D46D442C08FC2C007A1DC7 /* Preview Assets.xcassets */; };
		17D46D4D2C08FE16007A1DC7 /* WeatherModel.swift in Sources */ = {isa = PBXBuildFile; fileRef = 17D46D4C2C08FE16007A1DC7 /* WeatherModel.swift */; };
		17D46D522C08FF04007A1DC7 /* WebService.swift in Sources */ = {isa = PBXBuildFile; fileRef = 17D46D512C08FF04007A1DC7 /* WebService.swift */; };
		17D46D542C090386007A1DC7 /* CurrentWeatherViewModel.swift in Sources */ = {isa = PBXBuildFile; fileRef = 17D46D532C090386007A1DC7 /* CurrentWeatherViewModel.swift */; };
		17D46D562C090DC2007A1DC7 /* Constants.swift in Sources */ = {isa = PBXBuildFile; fileRef = 17D46D552C090DC2007A1DC7 /* Constants.swift */; };
		17E6A1F72C317E9200A782F0 /* DaysModel.swift in Sources */ = {isa = PBXBuildFile; fileRef = 17E6A1F62C317E9200A782F0 /* DaysModel.swift */; };
		17F36B872C0B757B0080DF21 /* Location.swift in Sources */ = {isa = PBXBuildFile; fileRef = 17F36B862C0B757B0080DF21 /* Location.swift */; };
		17F36B892C0B98180080DF21 /* AddScreen.swift in Sources */ = {isa = PBXBuildFile; fileRef = 17F36B882C0B98180080DF21 /* AddScreen.swift */; };
/* End PBXBuildFile section */

/* Begin PBXFileReference section */
		1742CCDD2C0C7F3A000BC32F /* WeathersListScreen.swift */ = {isa = PBXFileReference; lastKnownFileType = sourcecode.swift; path = WeathersListScreen.swift; sourceTree = "<group>"; };
		1742CCDF2C0C7F8A000BC32F /* MainScreen.swift */ = {isa = PBXFileReference; lastKnownFileType = sourcecode.swift; path = MainScreen.swift; sourceTree = "<group>"; };
		1742CCE12C0C8B9F000BC32F /* WeatherListViewModel.swift */ = {isa = PBXFileReference; lastKnownFileType = sourcecode.swift; path = WeatherListViewModel.swift; sourceTree = "<group>"; };
		1742CCE32C0C9964000BC32F /* DatabaseModel.swift */ = {isa = PBXFileReference; lastKnownFileType = sourcecode.swift; path = DatabaseModel.swift; sourceTree = "<group>"; };
		17CFEDB12C10B34700041E29 /* WeatherListCellView.swift */ = {isa = PBXFileReference; lastKnownFileType = sourcecode.swift; path = WeatherListCellView.swift; sourceTree = "<group>"; };
		17D46D3A2C08FC2A007A1DC7 /* WeatherApp.app */ = {isa = PBXFileReference; explicitFileType = wrapper.application; includeInIndex = 0; path = WeatherApp.app; sourceTree = BUILT_PRODUCTS_DIR; };
		17D46D3D2C08FC2A007A1DC7 /* WeatherAppApp.swift */ = {isa = PBXFileReference; lastKnownFileType = sourcecode.swift; path = WeatherAppApp.swift; sourceTree = "<group>"; };
		17D46D3F2C08FC2A007A1DC7 /* CurrentWeatherScreen.swift */ = {isa = PBXFileReference; lastKnownFileType = sourcecode.swift; path = CurrentWeatherScreen.swift; sourceTree = "<group>"; };
		17D46D412C08FC2C007A1DC7 /* Assets.xcassets */ = {isa = PBXFileReference; lastKnownFileType = folder.assetcatalog; path = Assets.xcassets; sourceTree = "<group>"; };
		17D46D442C08FC2C007A1DC7 /* Preview Assets.xcassets */ = {isa = PBXFileReference; lastKnownFileType = folder.assetcatalog; path = "Preview Assets.xcassets"; sourceTree = "<group>"; };
		17D46D4C2C08FE16007A1DC7 /* WeatherModel.swift */ = {isa = PBXFileReference; lastKnownFileType = sourcecode.swift; path = WeatherModel.swift; sourceTree = "<group>"; };
		17D46D512C08FF04007A1DC7 /* WebService.swift */ = {isa = PBXFileReference; lastKnownFileType = sourcecode.swift; path = WebService.swift; sourceTree = "<group>"; };
		17D46D532C090386007A1DC7 /* CurrentWeatherViewModel.swift */ = {isa = PBXFileReference; lastKnownFileType = sourcecode.swift; path = CurrentWeatherViewModel.swift; sourceTree = "<group>"; };
		17D46D552C090DC2007A1DC7 /* Constants.swift */ = {isa = PBXFileReference; lastKnownFileType = sourcecode.swift; path = Constants.swift; sourceTree = "<group>"; };
		17E6A1F62C317E9200A782F0 /* DaysModel.swift */ = {isa = PBXFileReference; lastKnownFileType = sourcecode.swift; path = DaysModel.swift; sourceTree = "<group>"; };
		17F36B852C0B74F40080DF21 /* Info.plist */ = {isa = PBXFileReference; lastKnownFileType = text.plist; path = Info.plist; sourceTree = "<group>"; };
		17F36B862C0B757B0080DF21 /* Location.swift */ = {isa = PBXFileReference; lastKnownFileType = sourcecode.swift; path = Location.swift; sourceTree = "<group>"; };
		17F36B882C0B98180080DF21 /* AddScreen.swift */ = {isa = PBXFileReference; lastKnownFileType = sourcecode.swift; path = AddScreen.swift; sourceTree = "<group>"; };
/* End PBXFileReference section */

/* Begin PBXFrameworksBuildPhase section */
		17D46D372C08FC2A007A1DC7 /* Frameworks */ = {
			isa = PBXFrameworksBuildPhase;
			buildActionMask = 2147483647;
			files = (
			);
			runOnlyForDeploymentPostprocessing = 0;
		};
/* End PBXFrameworksBuildPhase section */

/* Begin PBXGroup section */
		17CFEDB02C10B31200041E29 /* View */ = {
			isa = PBXGroup;
			children = (
				17CFEDB12C10B34700041E29 /* WeatherListCellView.swift */,
			);
			path = View;
			sourceTree = "<group>";
		};
		17D46D312C08FC2A007A1DC7 = {
			isa = PBXGroup;
			children = (
				17D46D3C2C08FC2A007A1DC7 /* WeatherApp */,
				17D46D3B2C08FC2A007A1DC7 /* Products */,
			);
			sourceTree = "<group>";
		};
		17D46D3B2C08FC2A007A1DC7 /* Products */ = {
			isa = PBXGroup;
			children = (
				17D46D3A2C08FC2A007A1DC7 /* WeatherApp.app */,
			);
			name = Products;
			sourceTree = "<group>";
		};
		17D46D3C2C08FC2A007A1DC7 /* WeatherApp */ = {
			isa = PBXGroup;
			children = (
				17F36B852C0B74F40080DF21 /* Info.plist */,
				17D46D502C08FEF5007A1DC7 /* Services */,
				17D46D4F2C08FEEE007A1DC7 /* ViewModel */,
				17CFEDB02C10B31200041E29 /* View */,
				17D46D4E2C08FEE8007A1DC7 /* Screen */,
				17D46D4B2C08FE03007A1DC7 /* Model */,
				17D46D3D2C08FC2A007A1DC7 /* WeatherAppApp.swift */,
				17D46D552C090DC2007A1DC7 /* Constants.swift */,
				17F36B862C0B757B0080DF21 /* Location.swift */,
				17D46D412C08FC2C007A1DC7 /* Assets.xcassets */,
				17D46D432C08FC2C007A1DC7 /* Preview Content */,
			);
			path = WeatherApp;
			sourceTree = "<group>";
		};
		17D46D432C08FC2C007A1DC7 /* Preview Content */ = {
			isa = PBXGroup;
			children = (
				17D46D442C08FC2C007A1DC7 /* Preview Assets.xcassets */,
			);
			path = "Preview Content";
			sourceTree = "<group>";
		};
		17D46D4B2C08FE03007A1DC7 /* Model */ = {
			isa = PBXGroup;
			children = (
				17D46D4C2C08FE16007A1DC7 /* WeatherModel.swift */,
				1742CCE32C0C9964000BC32F /* DatabaseModel.swift */,
				17E6A1F62C317E9200A782F0 /* DaysModel.swift */,
			);
			path = Model;
			sourceTree = "<group>";
		};
		17D46D4E2C08FEE8007A1DC7 /* Screen */ = {
			isa = PBXGroup;
			children = (
				1742CCDF2C0C7F8A000BC32F /* MainScreen.swift */,
				17D46D3F2C08FC2A007A1DC7 /* CurrentWeatherScreen.swift */,
				1742CCDD2C0C7F3A000BC32F /* WeathersListScreen.swift */,
				17F36B882C0B98180080DF21 /* AddScreen.swift */,
			);
			path = Screen;
			sourceTree = "<group>";
		};
		17D46D4F2C08FEEE007A1DC7 /* ViewModel */ = {
			isa = PBXGroup;
			children = (
				17D46D532C090386007A1DC7 /* CurrentWeatherViewModel.swift */,
				1742CCE12C0C8B9F000BC32F /* WeatherListViewModel.swift */,
			);
			path = ViewModel;
			sourceTree = "<group>";
		};
		17D46D502C08FEF5007A1DC7 /* Services */ = {
			isa = PBXGroup;
			children = (
				17D46D512C08FF04007A1DC7 /* WebService.swift */,
			);
			path = Services;
			sourceTree = "<group>";
		};
/* End PBXGroup section */

/* Begin PBXNativeTarget section */
		17D46D392C08FC2A007A1DC7 /* WeatherApp */ = {
			isa = PBXNativeTarget;
			buildConfigurationList = 17D46D482C08FC2C007A1DC7 /* Build configuration list for PBXNativeTarget "WeatherApp" */;
			buildPhases = (
				17D46D362C08FC2A007A1DC7 /* Sources */,
				17D46D372C08FC2A007A1DC7 /* Frameworks */,
				17D46D382C08FC2A007A1DC7 /* Resources */,
			);
			buildRules = (
			);
			dependencies = (
			);
			name = WeatherApp;
			productName = WeatherApp;
			productReference = 17D46D3A2C08FC2A007A1DC7 /* WeatherApp.app */;
			productType = "com.apple.product-type.application";
		};
/* End PBXNativeTarget section */

/* Begin PBXProject section */
		17D46D322C08FC2A007A1DC7 /* Project object */ = {
			isa = PBXProject;
			attributes = {
				BuildIndependentTargetsInParallel = 1;
				LastSwiftUpdateCheck = 1540;
				LastUpgradeCheck = 1540;
				TargetAttributes = {
					17D46D392C08FC2A007A1DC7 = {
						CreatedOnToolsVersion = 15.4;
					};
				};
			};
			buildConfigurationList = 17D46D352C08FC2A007A1DC7 /* Build configuration list for PBXProject "WeatherApp" */;
			compatibilityVersion = "Xcode 14.0";
			developmentRegion = en;
			hasScannedForEncodings = 0;
			knownRegions = (
				en,
				Base,
			);
			mainGroup = 17D46D312C08FC2A007A1DC7;
			productRefGroup = 17D46D3B2C08FC2A007A1DC7 /* Products */;
			projectDirPath = "";
			projectRoot = "";
			targets = (
				17D46D392C08FC2A007A1DC7 /* WeatherApp */,
			);
		};
/* End PBXProject section */

/* Begin PBXResourcesBuildPhase section */
		17D46D382C08FC2A007A1DC7 /* Resources */ = {
			isa = PBXResourcesBuildPhase;
			buildActionMask = 2147483647;
			files = (
				17D46D452C08FC2C007A1DC7 /* Preview Assets.xcassets in Resources */,
				17D46D422C08FC2C007A1DC7 /* Assets.xcassets in Resources */,
			);
			runOnlyForDeploymentPostprocessing = 0;
		};
/* End PBXResourcesBuildPhase section */

/* Begin PBXSourcesBuildPhase section */
		17D46D362C08FC2A007A1DC7 /* Sources */ = {
			isa = PBXSourcesBuildPhase;
			buildActionMask = 2147483647;
			files = (
				1742CCE42C0C9964000BC32F /* DatabaseModel.swift in Sources */,
				17D46D402C08FC2A007A1DC7 /* CurrentWeatherScreen.swift in Sources */,
				17D46D4D2C08FE16007A1DC7 /* WeatherModel.swift in Sources */,
				17D46D522C08FF04007A1DC7 /* WebService.swift in Sources */,
				1742CCE02C0C7F8A000BC32F /* MainScreen.swift in Sources */,
				17D46D3E2C08FC2A007A1DC7 /* WeatherAppApp.swift in Sources */,
				17F36B892C0B98180080DF21 /* AddScreen.swift in Sources */,
				1742CCE22C0C8B9F000BC32F /* WeatherListViewModel.swift in Sources */,
				17D46D542C090386007A1DC7 /* CurrentWeatherViewModel.swift in Sources */,
				17D46D562C090DC2007A1DC7 /* Constants.swift in Sources */,
				17CFEDB22C10B34700041E29 /* WeatherListCellView.swift in Sources */,
				1742CCDE2C0C7F3A000BC32F /* WeathersListScreen.swift in Sources */,
				17E6A1F72C317E9200A782F0 /* DaysModel.swift in Sources */,
				17F36B872C0B757B0080DF21 /* Location.swift in Sources */,
			);
			runOnlyForDeploymentPostprocessing = 0;
		};
/* End PBXSourcesBuildPhase section */

/* Begin XCBuildConfiguration section */
		17D46D462C08FC2C007A1DC7 /* Debug */ = {
			isa = XCBuildConfiguration;
			buildSettings = {
				ALWAYS_SEARCH_USER_PATHS = NO;
				ASSETCATALOG_COMPILER_GENERATE_SWIFT_ASSET_SYMBOL_EXTENSIONS = YES;
				CLANG_ANALYZER_NONNULL = YES;
				CLANG_ANALYZER_NUMBER_OBJECT_CONVERSION = YES_AGGRESSIVE;
				CLANG_CXX_LANGUAGE_STANDARD = "gnu++20";
				CLANG_ENABLE_MODULES = YES;
				CLANG_ENABLE_OBJC_ARC = YES;
				CLANG_ENABLE_OBJC_WEAK = YES;
				CLANG_WARN_BLOCK_CAPTURE_AUTORELEASING = YES;
				CLANG_WARN_BOOL_CONVERSION = YES;
				CLANG_WARN_COMMA = YES;
				CLANG_WARN_CONSTANT_CONVERSION = YES;
				CLANG_WARN_DEPRECATED_OBJC_IMPLEMENTATIONS = YES;
				CLANG_WARN_DIRECT_OBJC_ISA_USAGE = YES_ERROR;
				CLANG_WARN_DOCUMENTATION_COMMENTS = YES;
				CLANG_WARN_EMPTY_BODY = YES;
				CLANG_WARN_ENUM_CONVERSION = YES;
				CLANG_WARN_INFINITE_RECURSION = YES;
				CLANG_WARN_INT_CONVERSION = YES;
				CLANG_WARN_NON_LITERAL_NULL_CONVERSION = YES;
				CLANG_WARN_OBJC_IMPLICIT_RETAIN_SELF = YES;
				CLANG_WARN_OBJC_LITERAL_CONVERSION = YES;
				CLANG_WARN_OBJC_ROOT_CLASS = YES_ERROR;
				CLANG_WARN_QUOTED_INCLUDE_IN_FRAMEWORK_HEADER = YES;
				CLANG_WARN_RANGE_LOOP_ANALYSIS = YES;
				CLANG_WARN_STRICT_PROTOTYPES = YES;
				CLANG_WARN_SUSPICIOUS_MOVE = YES;
				CLANG_WARN_UNGUARDED_AVAILABILITY = YES_AGGRESSIVE;
				CLANG_WARN_UNREACHABLE_CODE = YES;
				CLANG_WARN__DUPLICATE_METHOD_MATCH = YES;
				COPY_PHASE_STRIP = NO;
				DEBUG_INFORMATION_FORMAT = dwarf;
				ENABLE_STRICT_OBJC_MSGSEND = YES;
				ENABLE_TESTABILITY = YES;
				ENABLE_USER_SCRIPT_SANDBOXING = YES;
				GCC_C_LANGUAGE_STANDARD = gnu17;
				GCC_DYNAMIC_NO_PIC = NO;
				GCC_NO_COMMON_BLOCKS = YES;
				GCC_OPTIMIZATION_LEVEL = 0;
				GCC_PREPROCESSOR_DEFINITIONS = (
					"DEBUG=1",
					"$(inherited)",
				);
				GCC_WARN_64_TO_32_BIT_CONVERSION = YES;
				GCC_WARN_ABOUT_RETURN_TYPE = YES_ERROR;
				GCC_WARN_UNDECLARED_SELECTOR = YES;
				GCC_WARN_UNINITIALIZED_AUTOS = YES_AGGRESSIVE;
				GCC_WARN_UNUSED_FUNCTION = YES;
				GCC_WARN_UNUSED_VARIABLE = YES;
				IPHONEOS_DEPLOYMENT_TARGET = 17.5;
				LOCALIZATION_PREFERS_STRING_CATALOGS = YES;
				MTL_ENABLE_DEBUG_INFO = INCLUDE_SOURCE;
				MTL_FAST_MATH = YES;
				ONLY_ACTIVE_ARCH = YES;
				SDKROOT = iphoneos;
				SWIFT_ACTIVE_COMPILATION_CONDITIONS = "DEBUG $(inherited)";
				SWIFT_OPTIMIZATION_LEVEL = "-Onone";
			};
			name = Debug;
		};
		17D46D472C08FC2C007A1DC7 /* Release */ = {
			isa = XCBuildConfiguration;
			buildSettings = {
				ALWAYS_SEARCH_USER_PATHS = NO;
				ASSETCATALOG_COMPILER_GENERATE_SWIFT_ASSET_SYMBOL_EXTENSIONS = YES;
				CLANG_ANALYZER_NONNULL = YES;
				CLANG_ANALYZER_NUMBER_OBJECT_CONVERSION = YES_AGGRESSIVE;
				CLANG_CXX_LANGUAGE_STANDARD = "gnu++20";
				CLANG_ENABLE_MODULES = YES;
				CLANG_ENABLE_OBJC_ARC = YES;
				CLANG_ENABLE_OBJC_WEAK = YES;
				CLANG_WARN_BLOCK_CAPTURE_AUTORELEASING = YES;
				CLANG_WARN_BOOL_CONVERSION = YES;
				CLANG_WARN_COMMA = YES;
				CLANG_WARN_CONSTANT_CONVERSION = YES;
				CLANG_WARN_DEPRECATED_OBJC_IMPLEMENTATIONS = YES;
				CLANG_WARN_DIRECT_OBJC_ISA_USAGE = YES_ERROR;
				CLANG_WARN_DOCUMENTATION_COMMENTS = YES;
				CLANG_WARN_EMPTY_BODY = YES;
				CLANG_WARN_ENUM_CONVERSION = YES;
				CLANG_WARN_INFINITE_RECURSION = YES;
				CLANG_WARN_INT_CONVERSION = YES;
				CLANG_WARN_NON_LITERAL_NULL_CONVERSION = YES;
				CLANG_WARN_OBJC_IMPLICIT_RETAIN_SELF = YES;
				CLANG_WARN_OBJC_LITERAL_CONVERSION = YES;
				CLANG_WARN_OBJC_ROOT_CLASS = YES_ERROR;
				CLANG_WARN_QUOTED_INCLUDE_IN_FRAMEWORK_HEADER = YES;
				CLANG_WARN_RANGE_LOOP_ANALYSIS = YES;
				CLANG_WARN_STRICT_PROTOTYPES = YES;
				CLANG_WARN_SUSPICIOUS_MOVE = YES;
				CLANG_WARN_UNGUARDED_AVAILABILITY = YES_AGGRESSIVE;
				CLANG_WARN_UNREACHABLE_CODE = YES;
				CLANG_WARN__DUPLICATE_METHOD_MATCH = YES;
				COPY_PHASE_STRIP = NO;
				DEBUG_INFORMATION_FORMAT = "dwarf-with-dsym";
				ENABLE_NS_ASSERTIONS = NO;
				ENABLE_STRICT_OBJC_MSGSEND = YES;
				ENABLE_USER_SCRIPT_SANDBOXING = YES;
				GCC_C_LANGUAGE_STANDARD = gnu17;
				GCC_NO_COMMON_BLOCKS = YES;
				GCC_WARN_64_TO_32_BIT_CONVERSION = YES;
				GCC_WARN_ABOUT_RETURN_TYPE = YES_ERROR;
				GCC_WARN_UNDECLARED_SELECTOR = YES;
				GCC_WARN_UNINITIALIZED_AUTOS = YES_AGGRESSIVE;
				GCC_WARN_UNUSED_FUNCTION = YES;
				GCC_WARN_UNUSED_VARIABLE = YES;
				IPHONEOS_DEPLOYMENT_TARGET = 17.5;
				LOCALIZATION_PREFERS_STRING_CATALOGS = YES;
				MTL_ENABLE_DEBUG_INFO = NO;
				MTL_FAST_MATH = YES;
				SDKROOT = iphoneos;
				SWIFT_COMPILATION_MODE = wholemodule;
				VALIDATE_PRODUCT = YES;
			};
			name = Release;
		};
		17D46D492C08FC2C007A1DC7 /* Debug */ = {
			isa = XCBuildConfiguration;
			buildSettings = {
				ASSETCATALOG_COMPILER_APPICON_NAME = AppIcon;
				ASSETCATALOG_COMPILER_GLOBAL_ACCENT_COLOR_NAME = AccentColor;
				CODE_SIGN_STYLE = Automatic;
				CURRENT_PROJECT_VERSION = 1;
				DEVELOPMENT_ASSET_PATHS = "\"WeatherApp/Preview Content\"";
				DEVELOPMENT_TEAM = 3FGSKJ5G3V;
				ENABLE_PREVIEWS = YES;
				GENERATE_INFOPLIST_FILE = YES;
				INFOPLIST_FILE = WeatherApp/Info.plist;
				INFOPLIST_KEY_NSLocationWhenInUseUsageDescription = "We need your location";
				INFOPLIST_KEY_UIApplicationSceneManifest_Generation = YES;
				INFOPLIST_KEY_UIApplicationSupportsIndirectInputEvents = YES;
				INFOPLIST_KEY_UILaunchScreen_Generation = YES;
				INFOPLIST_KEY_UISupportedInterfaceOrientations_iPad = "UIInterfaceOrientationPortrait UIInterfaceOrientationPortraitUpsideDown UIInterfaceOrientationLandscapeLeft UIInterfaceOrientationLandscapeRight";
				INFOPLIST_KEY_UISupportedInterfaceOrientations_iPhone = "UIInterfaceOrientationPortrait UIInterfaceOrientationLandscapeLeft UIInterfaceOrientationLandscapeRight";
				LD_RUNPATH_SEARCH_PATHS = (
					"$(inherited)",
					"@executable_path/Frameworks",
				);
				MARKETING_VERSION = 1.0;
				PRODUCT_BUNDLE_IDENTIFIER = com.jiyanatalay.WeatherApp;
				PRODUCT_NAME = "$(TARGET_NAME)";
				SWIFT_EMIT_LOC_STRINGS = YES;
				SWIFT_VERSION = 5.0;
				TARGETED_DEVICE_FAMILY = "1,2";
			};
			name = Debug;
		};
		17D46D4A2C08FC2C007A1DC7 /* Release */ = {
			isa = XCBuildConfiguration;
			buildSettings = {
				ASSETCATALOG_COMPILER_APPICON_NAME = AppIcon;
				ASSETCATALOG_COMPILER_GLOBAL_ACCENT_COLOR_NAME = AccentColor;
				CODE_SIGN_STYLE = Automatic;
				CURRENT_PROJECT_VERSION = 1;
				DEVELOPMENT_ASSET_PATHS = "\"WeatherApp/Preview Content\"";
				DEVELOPMENT_TEAM = 3FGSKJ5G3V;
				ENABLE_PREVIEWS = YES;
				GENERATE_INFOPLIST_FILE = YES;
				INFOPLIST_FILE = WeatherApp/Info.plist;
				INFOPLIST_KEY_NSLocationWhenInUseUsageDescription = "We need your location";
				INFOPLIST_KEY_UIApplicationSceneManifest_Generation = YES;
				INFOPLIST_KEY_UIApplicationSupportsIndirectInputEvents = YES;
				INFOPLIST_KEY_UILaunchScreen_Generation = YES;
				INFOPLIST_KEY_UISupportedInterfaceOrientations_iPad = "UIInterfaceOrientationPortrait UIInterfaceOrientationPortraitUpsideDown UIInterfaceOrientationLandscapeLeft UIInterfaceOrientationLandscapeRight";
				INFOPLIST_KEY_UISupportedInterfaceOrientations_iPhone = "UIInterfaceOrientationPortrait UIInterfaceOrientationLandscapeLeft UIInterfaceOrientationLandscapeRight";
				LD_RUNPATH_SEARCH_PATHS = (
					"$(inherited)",
					"@executable_path/Frameworks",
				);
				MARKETING_VERSION = 1.0;
				PRODUCT_BUNDLE_IDENTIFIER = com.jiyanatalay.WeatherApp;
				PRODUCT_NAME = "$(TARGET_NAME)";
				SWIFT_EMIT_LOC_STRINGS = YES;
				SWIFT_VERSION = 5.0;
				TARGETED_DEVICE_FAMILY = "1,2";
			};
			name = Release;
		};
/* End XCBuildConfiguration section */

/* Begin XCConfigurationList section */
		17D46D352C08FC2A007A1DC7 /* Build configuration list for PBXProject "WeatherApp" */ = {
			isa = XCConfigurationList;
			buildConfigurations = (
				17D46D462C08FC2C007A1DC7 /* Debug */,
				17D46D472C08FC2C007A1DC7 /* Release */,
			);
			defaultConfigurationIsVisible = 0;
			defaultConfigurationName = Release;
		};
		17D46D482C08FC2C007A1DC7 /* Build configuration list for PBXNativeTarget "WeatherApp" */ = {
			isa = XCConfigurationList;
			buildConfigurations = (
				17D46D492C08FC2C007A1DC7 /* Debug */,
				17D46D4A2C08FC2C007A1DC7 /* Release */,
			);
			defaultConfigurationIsVisible = 0;
			defaultConfigurationName = Release;
		};
/* End XCConfigurationList section */
	};
	rootObject = 17D46D322C08FC2A007A1DC7 /* Project object */;
}
